// !$*UTF8*$!
{
	archiveVersion = 1;
	classes = {
	};
	objectVersion = 46;
	objects = {

/* Begin PBXBuildFile section */
		D724EA7E19735BBA00F5B8D0 /* Foundation.framework in Frameworks */ = {isa = PBXBuildFile; fileRef = D724EA7D19735BBA00F5B8D0 /* Foundation.framework */; };
		D724EA8019735BBA00F5B8D0 /* CoreGraphics.framework in Frameworks */ = {isa = PBXBuildFile; fileRef = D724EA7F19735BBA00F5B8D0 /* CoreGraphics.framework */; };
		D724EA8219735BBA00F5B8D0 /* UIKit.framework in Frameworks */ = {isa = PBXBuildFile; fileRef = D724EA8119735BBA00F5B8D0 /* UIKit.framework */; };
		D724EA8819735BBA00F5B8D0 /* InfoPlist.strings in Resources */ = {isa = PBXBuildFile; fileRef = D724EA8619735BBA00F5B8D0 /* InfoPlist.strings */; };
		D724EA8A19735BBA00F5B8D0 /* main.m in Sources */ = {isa = PBXBuildFile; fileRef = D724EA8919735BBA00F5B8D0 /* main.m */; };
		D724EA8E19735BBA00F5B8D0 /* RVAppDelegate.m in Sources */ = {isa = PBXBuildFile; fileRef = D724EA8D19735BBA00F5B8D0 /* RVAppDelegate.m */; };
		D724EA9119735BBA00F5B8D0 /* Main.storyboard in Resources */ = {isa = PBXBuildFile; fileRef = D724EA8F19735BBA00F5B8D0 /* Main.storyboard */; };
		D724EA9419735BBA00F5B8D0 /* RVViewController.m in Sources */ = {isa = PBXBuildFile; fileRef = D724EA9319735BBA00F5B8D0 /* RVViewController.m */; };
		D724EA9619735BBA00F5B8D0 /* Images.xcassets in Resources */ = {isa = PBXBuildFile; fileRef = D724EA9519735BBA00F5B8D0 /* Images.xcassets */; };
		D724EA9D19735BBA00F5B8D0 /* XCTest.framework in Frameworks */ = {isa = PBXBuildFile; fileRef = D724EA9C19735BBA00F5B8D0 /* XCTest.framework */; };
		D724EA9E19735BBA00F5B8D0 /* Foundation.framework in Frameworks */ = {isa = PBXBuildFile; fileRef = D724EA7D19735BBA00F5B8D0 /* Foundation.framework */; };
		D724EA9F19735BBA00F5B8D0 /* UIKit.framework in Frameworks */ = {isa = PBXBuildFile; fileRef = D724EA8119735BBA00F5B8D0 /* UIKit.framework */; };
		D724EAA719735BBA00F5B8D0 /* InfoPlist.strings in Resources */ = {isa = PBXBuildFile; fileRef = D724EAA519735BBA00F5B8D0 /* InfoPlist.strings */; };
		D724EAA919735BBA00F5B8D0 /* Git_TestTests.m in Sources */ = {isa = PBXBuildFile; fileRef = D724EAA819735BBA00F5B8D0 /* Git_TestTests.m */; };
		D724EAB419735E4F00F5B8D0 /* RVTest.m in Sources */ = {isa = PBXBuildFile; fileRef = D724EAB319735E4F00F5B8D0 /* RVTest.m */; };
/* End PBXBuildFile section */

/* Begin PBXContainerItemProxy section */
		D724EAA019735BBA00F5B8D0 /* PBXContainerItemProxy */ = {
			isa = PBXContainerItemProxy;
			containerPortal = D724EA7219735BBA00F5B8D0 /* Project object */;
			proxyType = 1;
			remoteGlobalIDString = D724EA7919735BBA00F5B8D0;
			remoteInfo = "Git Test";
		};
/* End PBXContainerItemProxy section */

/* Begin PBXFileReference section */
		D724EA7A19735BBA00F5B8D0 /* Git Test.app */ = {isa = PBXFileReference; explicitFileType = wrapper.application; includeInIndex = 0; path = "Git Test.app"; sourceTree = BUILT_PRODUCTS_DIR; };
		D724EA7D19735BBA00F5B8D0 /* Foundation.framework */ = {isa = PBXFileReference; lastKnownFileType = wrapper.framework; name = Foundation.framework; path = System/Library/Frameworks/Foundation.framework; sourceTree = SDKROOT; };
		D724EA7F19735BBA00F5B8D0 /* CoreGraphics.framework */ = {isa = PBXFileReference; lastKnownFileType = wrapper.framework; name = CoreGraphics.framework; path = System/Library/Frameworks/CoreGraphics.framework; sourceTree = SDKROOT; };
		D724EA8119735BBA00F5B8D0 /* UIKit.framework */ = {isa = PBXFileReference; lastKnownFileType = wrapper.framework; name = UIKit.framework; path = System/Library/Frameworks/UIKit.framework; sourceTree = SDKROOT; };
		D724EA8519735BBA00F5B8D0 /* Git Test-Info.plist */ = {isa = PBXFileReference; lastKnownFileType = text.plist.xml; path = "Git Test-Info.plist"; sourceTree = "<group>"; };
		D724EA8719735BBA00F5B8D0 /* en */ = {isa = PBXFileReference; lastKnownFileType = text.plist.strings; name = en; path = en.lproj/InfoPlist.strings; sourceTree = "<group>"; };
		D724EA8919735BBA00F5B8D0 /* main.m */ = {isa = PBXFileReference; lastKnownFileType = sourcecode.c.objc; path = main.m; sourceTree = "<group>"; };
		D724EA8B19735BBA00F5B8D0 /* Git Test-Prefix.pch */ = {isa = PBXFileReference; lastKnownFileType = sourcecode.c.h; path = "Git Test-Prefix.pch"; sourceTree = "<group>"; };
		D724EA8C19735BBA00F5B8D0 /* RVAppDelegate.h */ = {isa = PBXFileReference; lastKnownFileType = sourcecode.c.h; path = RVAppDelegate.h; sourceTree = "<group>"; };
		D724EA8D19735BBA00F5B8D0 /* RVAppDelegate.m */ = {isa = PBXFileReference; lastKnownFileType = sourcecode.c.objc; path = RVAppDelegate.m; sourceTree = "<group>"; };
		D724EA9019735BBA00F5B8D0 /* Base */ = {isa = PBXFileReference; lastKnownFileType = file.storyboard; name = Base; path = Base.lproj/Main.storyboard; sourceTree = "<group>"; };
		D724EA9219735BBA00F5B8D0 /* RVViewController.h */ = {isa = PBXFileReference; lastKnownFileType = sourcecode.c.h; path = RVViewController.h; sourceTree = "<group>"; };
		D724EA9319735BBA00F5B8D0 /* RVViewController.m */ = {isa = PBXFileReference; lastKnownFileType = sourcecode.c.objc; path = RVViewController.m; sourceTree = "<group>"; };
		D724EA9519735BBA00F5B8D0 /* Images.xcassets */ = {isa = PBXFileReference; lastKnownFileType = folder.assetcatalog; path = Images.xcassets; sourceTree = "<group>"; };
		D724EA9B19735BBA00F5B8D0 /* Git TestTests.xctest */ = {isa = PBXFileReference; explicitFileType = wrapper.cfbundle; includeInIndex = 0; path = "Git TestTests.xctest"; sourceTree = BUILT_PRODUCTS_DIR; };
		D724EA9C19735BBA00F5B8D0 /* XCTest.framework */ = {isa = PBXFileReference; lastKnownFileType = wrapper.framework; name = XCTest.framework; path = Library/Frameworks/XCTest.framework; sourceTree = DEVELOPER_DIR; };
		D724EAA419735BBA00F5B8D0 /* Git TestTests-Info.plist */ = {isa = PBXFileReference; lastKnownFileType = text.plist.xml; path = "Git TestTests-Info.plist"; sourceTree = "<group>"; };
		D724EAA619735BBA00F5B8D0 /* en */ = {isa = PBXFileReference; lastKnownFileType = text.plist.strings; name = en; path = en.lproj/InfoPlist.strings; sourceTree = "<group>"; };
		D724EAA819735BBA00F5B8D0 /* Git_TestTests.m */ = {isa = PBXFileReference; lastKnownFileType = sourcecode.c.objc; path = Git_TestTests.m; sourceTree = "<group>"; };
		D724EAB219735E4F00F5B8D0 /* RVTest.h */ = {isa = PBXFileReference; fileEncoding = 4; lastKnownFileType = sourcecode.c.h; path = RVTest.h; sourceTree = "<group>"; };
		D724EAB319735E4F00F5B8D0 /* RVTest.m */ = {isa = PBXFileReference; fileEncoding = 4; lastKnownFileType = sourcecode.c.objc; path = RVTest.m; sourceTree = "<group>"; };
/* End PBXFileReference section */

/* Begin PBXFrameworksBuildPhase section */
		D724EA7719735BBA00F5B8D0 /* Frameworks */ = {
			isa = PBXFrameworksBuildPhase;
			buildActionMask = 2147483647;
			files = (
				D724EA8019735BBA00F5B8D0 /* CoreGraphics.framework in Frameworks */,
				D724EA8219735BBA00F5B8D0 /* UIKit.framework in Frameworks */,
				D724EA7E19735BBA00F5B8D0 /* Foundation.framework in Frameworks */,
			);
			runOnlyForDeploymentPostprocessing = 0;
		};
		D724EA9819735BBA00F5B8D0 /* Frameworks */ = {
			isa = PBXFrameworksBuildPhase;
			buildActionMask = 2147483647;
			files = (
				D724EA9D19735BBA00F5B8D0 /* XCTest.framework in Frameworks */,
				D724EA9F19735BBA00F5B8D0 /* UIKit.framework in Frameworks */,
				D724EA9E19735BBA00F5B8D0 /* Foundation.framework in Frameworks */,
			);
			runOnlyForDeploymentPostprocessing = 0;
		};
/* End PBXFrameworksBuildPhase section */

/* Begin PBXGroup section */
		D724EA7119735BBA00F5B8D0 = {
			isa = PBXGroup;
			children = (
				D724EA8319735BBA00F5B8D0 /* Git Test */,
				D724EAA219735BBA00F5B8D0 /* Git TestTests */,
				D724EA7C19735BBA00F5B8D0 /* Frameworks */,
				D724EA7B19735BBA00F5B8D0 /* Products */,
			);
			sourceTree = "<group>";
		};
		D724EA7B19735BBA00F5B8D0 /* Products */ = {
			isa = PBXGroup;
			children = (
				D724EA7A19735BBA00F5B8D0 /* Git Test.app */,
				D724EA9B19735BBA00F5B8D0 /* Git TestTests.xctest */,
			);
			name = Products;
			sourceTree = "<group>";
		};
		D724EA7C19735BBA00F5B8D0 /* Frameworks */ = {
			isa = PBXGroup;
			children = (
				D724EA7D19735BBA00F5B8D0 /* Foundation.framework */,
				D724EA7F19735BBA00F5B8D0 /* CoreGraphics.framework */,
				D724EA8119735BBA00F5B8D0 /* UIKit.framework */,
				D724EA9C19735BBA00F5B8D0 /* XCTest.framework */,
			);
			name = Frameworks;
			sourceTree = "<group>";
		};
		D724EA8319735BBA00F5B8D0 /* Git Test */ = {
			isa = PBXGroup;
			children = (
				D724EA8C19735BBA00F5B8D0 /* RVAppDelegate.h */,
				D724EA8D19735BBA00F5B8D0 /* RVAppDelegate.m */,
				D724EA8F19735BBA00F5B8D0 /* Main.storyboard */,
				D724EA9219735BBA00F5B8D0 /* RVViewController.h */,
				D724EA9319735BBA00F5B8D0 /* RVViewController.m */,
				D724EAB219735E4F00F5B8D0 /* RVTest.h */,
				D724EAB319735E4F00F5B8D0 /* RVTest.m */,
				D724EA9519735BBA00F5B8D0 /* Images.xcassets */,
				D724EA8419735BBA00F5B8D0 /* Supporting Files */,
			);
			path = "Git Test";
			sourceTree = "<group>";
		};
		D724EA8419735BBA00F5B8D0 /* Supporting Files */ = {
			isa = PBXGroup;
			children = (
				D724EA8519735BBA00F5B8D0 /* Git Test-Info.plist */,
				D724EA8619735BBA00F5B8D0 /* InfoPlist.strings */,
				D724EA8919735BBA00F5B8D0 /* main.m */,
				D724EA8B19735BBA00F5B8D0 /* Git Test-Prefix.pch */,
			);
			name = "Supporting Files";
			sourceTree = "<group>";
		};
		D724EAA219735BBA00F5B8D0 /* Git TestTests */ = {
			isa = PBXGroup;
			children = (
				D724EAA819735BBA00F5B8D0 /* Git_TestTests.m */,
				D724EAA319735BBA00F5B8D0 /* Supporting Files */,
			);
			path = "Git TestTests";
			sourceTree = "<group>";
		};
		D724EAA319735BBA00F5B8D0 /* Supporting Files */ = {
			isa = PBXGroup;
			children = (
				D724EAA419735BBA00F5B8D0 /* Git TestTests-Info.plist */,
				D724EAA519735BBA00F5B8D0 /* InfoPlist.strings */,
			);
			name = "Supporting Files";
			sourceTree = "<group>";
		};
/* End PBXGroup section */

/* Begin PBXNativeTarget section */
		D724EA7919735BBA00F5B8D0 /* Git Test */ = {
			isa = PBXNativeTarget;
			buildConfigurationList = D724EAAC19735BBA00F5B8D0 /* Build configuration list for PBXNativeTarget "Git Test" */;
			buildPhases = (
				D724EA7619735BBA00F5B8D0 /* Sources */,
				D724EA7719735BBA00F5B8D0 /* Frameworks */,
				D724EA7819735BBA00F5B8D0 /* Resources */,
			);
			buildRules = (
			);
			dependencies = (
			);
			name = "Git Test";
			productName = "Git Test";
			productReference = D724EA7A19735BBA00F5B8D0 /* Git Test.app */;
			productType = "com.apple.product-type.application";
		};
		D724EA9A19735BBA00F5B8D0 /* Git TestTests */ = {
			isa = PBXNativeTarget;
			buildConfigurationList = D724EAAF19735BBA00F5B8D0 /* Build configuration list for PBXNativeTarget "Git TestTests" */;
			buildPhases = (
				D724EA9719735BBA00F5B8D0 /* Sources */,
				D724EA9819735BBA00F5B8D0 /* Frameworks */,
				D724EA9919735BBA00F5B8D0 /* Resources */,
			);
			buildRules = (
			);
			dependencies = (
				D724EAA119735BBA00F5B8D0 /* PBXTargetDependency */,
			);
			name = "Git TestTests";
			productName = "Git TestTests";
			productReference = D724EA9B19735BBA00F5B8D0 /* Git TestTests.xctest */;
			productType = "com.apple.product-type.bundle.unit-test";
		};
/* End PBXNativeTarget section */

/* Begin PBXProject section */
		D724EA7219735BBA00F5B8D0 /* Project object */ = {
			isa = PBXProject;
			attributes = {
				CLASSPREFIX = RV;
				LastUpgradeCheck = 0510;
				ORGANIZATIONNAME = "Russell Vollmer";
				TargetAttributes = {
					D724EA9A19735BBA00F5B8D0 = {
						TestTargetID = D724EA7919735BBA00F5B8D0;
					};
				};
			};
			buildConfigurationList = D724EA7519735BBA00F5B8D0 /* Build configuration list for PBXProject "Git Test" */;
			compatibilityVersion = "Xcode 3.2";
			developmentRegion = English;
			hasScannedForEncodings = 0;
			knownRegions = (
				en,
				Base,
			);
			mainGroup = D724EA7119735BBA00F5B8D0;
			productRefGroup = D724EA7B19735BBA00F5B8D0 /* Products */;
			projectDirPath = "";
			projectRoot = "";
			targets = (
				D724EA7919735BBA00F5B8D0 /* Git Test */,
				D724EA9A19735BBA00F5B8D0 /* Git TestTests */,
			);
		};
/* End PBXProject section */

/* Begin PBXResourcesBuildPhase section */
		D724EA7819735BBA00F5B8D0 /* Resources */ = {
			isa = PBXResourcesBuildPhase;
			buildActionMask = 2147483647;
			files = (
				D724EA9619735BBA00F5B8D0 /* Images.xcassets in Resources */,
				D724EA8819735BBA00F5B8D0 /* InfoPlist.strings in Resources */,
				D724EA9119735BBA00F5B8D0 /* Main.storyboard in Resources */,
			);
			runOnlyForDeploymentPostprocessing = 0;
		};
		D724EA9919735BBA00F5B8D0 /* Resources */ = {
			isa = PBXResourcesBuildPhase;
			buildActionMask = 2147483647;
			files = (
				D724EAA719735BBA00F5B8D0 /* InfoPlist.strings in Resources */,
			);
			runOnlyForDeploymentPostprocessing = 0;
		};
/* End PBXResourcesBuildPhase section */

/* Begin PBXSourcesBuildPhase section */
		D724EA7619735BBA00F5B8D0 /* Sources */ = {
			isa = PBXSourcesBuildPhase;
			buildActionMask = 2147483647;
			files = (
				D724EA8E19735BBA00F5B8D0 /* RVAppDelegate.m in Sources */,
				D724EA9419735BBA00F5B8D0 /* RVViewController.m in Sources */,
				D724EA8A19735BBA00F5B8D0 /* main.m in Sources */,
				D724EAB419735E4F00F5B8D0 /* RVTest.m in Sources */,
			);
			runOnlyForDeploymentPostprocessing = 0;
		};
		D724EA9719735BBA00F5B8D0 /* Sources */ = {
			isa = PBXSourcesBuildPhase;
			buildActionMask = 2147483647;
			files = (
				D724EAA919735BBA00F5B8D0 /* Git_TestTests.m in Sources */,
			);
			runOnlyForDeploymentPostprocessing = 0;
		};
/* End PBXSourcesBuildPhase section */

/* Begin PBXTargetDependency section */
		D724EAA119735BBA00F5B8D0 /* PBXTargetDependency */ = {
			isa = PBXTargetDependency;
			target = D724EA7919735BBA00F5B8D0 /* Git Test */;
			targetProxy = D724EAA019735BBA00F5B8D0 /* PBXContainerItemProxy */;
		};
/* End PBXTargetDependency section */

/* Begin PBXVariantGroup section */
		D724EA8619735BBA00F5B8D0 /* InfoPlist.strings */ = {
			isa = PBXVariantGroup;
			children = (
				D724EA8719735BBA00F5B8D0 /* en */,
			);
			name = InfoPlist.strings;
			sourceTree = "<group>";
		};
		D724EA8F19735BBA00F5B8D0 /* Main.storyboard */ = {
			isa = PBXVariantGroup;
			children = (
				D724EA9019735BBA00F5B8D0 /* Base */,
			);
			name = Main.storyboard;
			sourceTree = "<group>";
		};
		D724EAA519735BBA00F5B8D0 /* InfoPlist.strings */ = {
			isa = PBXVariantGroup;
			children = (
				D724EAA619735BBA00F5B8D0 /* en */,
			);
			name = InfoPlist.strings;
			sourceTree = "<group>";
		};
/* End PBXVariantGroup section */

/* Begin XCBuildConfiguration section */
		D724EAAA19735BBA00F5B8D0 /* Debug */ = {
			isa = XCBuildConfiguration;
			buildSettings = {
				ALWAYS_SEARCH_USER_PATHS = NO;
				CLANG_CXX_LANGUAGE_STANDARD = "gnu++0x";
				CLANG_CXX_LIBRARY = "libc++";
				CLANG_ENABLE_MODULES = YES;
				CLANG_ENABLE_OBJC_ARC = YES;
				CLANG_WARN_BOOL_CONVERSION = YES;
				CLANG_WARN_CONSTANT_CONVERSION = YES;
				CLANG_WARN_DIRECT_OBJC_ISA_USAGE = YES_ERROR;
				CLANG_WARN_EMPTY_BODY = YES;
				CLANG_WARN_ENUM_CONVERSION = YES;
				CLANG_WARN_INT_CONVERSION = YES;
				CLANG_WARN_OBJC_ROOT_CLASS = YES_ERROR;
				CLANG_WARN__DUPLICATE_METHOD_MATCH = YES;
				"CODE_SIGN_IDENTITY[sdk=iphoneos*]" = "iPhone Developer";
				COPY_PHASE_STRIP = NO;
				GCC_C_LANGUAGE_STANDARD = gnu99;
				GCC_DYNAMIC_NO_PIC = NO;
				GCC_OPTIMIZATION_LEVEL = 0;
				GCC_PREPROCESSOR_DEFINITIONS = (
					"DEBUG=1",
					"$(inherited)",
				);
				GCC_SYMBOLS_PRIVATE_EXTERN = NO;
				GCC_WARN_64_TO_32_BIT_CONVERSION = YES;
				GCC_WARN_ABOUT_RETURN_TYPE = YES_ERROR;
				GCC_WARN_UNDECLARED_SELECTOR = YES;
				GCC_WARN_UNINITIALIZED_AUTOS = YES_AGGRESSIVE;
				GCC_WARN_UNUSED_FUNCTION = YES;
				GCC_WARN_UNUSED_VARIABLE = YES;
				IPHONEOS_DEPLOYMENT_TARGET = 7.1;
				ONLY_ACTIVE_ARCH = YES;
				SDKROOT = iphoneos;
			};
			name = Debug;
		};
		D724EAAB19735BBA00F5B8D0 /* Release */ = {
			isa = XCBuildConfiguration;
			buildSettings = {
				ALWAYS_SEARCH_USER_PATHS = NO;
				CLANG_CXX_LANGUAGE_STANDARD = "gnu++0x";
				CLANG_CXX_LIBRARY = "libc++";
				CLANG_ENABLE_MODULES = YES;
				CLANG_ENABLE_OBJC_ARC = YES;
				CLANG_WARN_BOOL_CONVERSION = YES;
				CLANG_WARN_CONSTANT_CONVERSION = YES;
				CLANG_WARN_DIRECT_OBJC_ISA_USAGE = YES_ERROR;
				CLANG_WARN_EMPTY_BODY = YES;
				CLANG_WARN_ENUM_CONVERSION = YES;
				CLANG_WARN_INT_CONVERSION = YES;
				CLANG_WARN_OBJC_ROOT_CLASS = YES_ERROR;
				CLANG_WARN__DUPLICATE_METHOD_MATCH = YES;
				"CODE_SIGN_IDENTITY[sdk=iphoneos*]" = "iPhone Developer";
				COPY_PHASE_STRIP = YES;
				ENABLE_NS_ASSERTIONS = NO;
				GCC_C_LANGUAGE_STANDARD = gnu99;
				GCC_WARN_64_TO_32_BIT_CONVERSION = YES;
				GCC_WARN_ABOUT_RETURN_TYPE = YES_ERROR;
				GCC_WARN_UNDECLARED_SELECTOR = YES;
				GCC_WARN_UNINITIALIZED_AUTOS = YES_AGGRESSIVE;
				GCC_WARN_UNUSED_FUNCTION = YES;
				GCC_WARN_UNUSED_VARIABLE = YES;
				IPHONEOS_DEPLOYMENT_TARGET = 7.1;
				SDKROOT = iphoneos;
				VALIDATE_PRODUCT = YES;
			};
			name = Release;
		};
		D724EAAD19735BBA00F5B8D0 /* Debug */ = {
			isa = XCBuildConfiguration;
			buildSettings = {
				ASSETCATALOG_COMPILER_APPICON_NAME = AppIcon;
				ASSETCATALOG_COMPILER_LAUNCHIMAGE_NAME = LaunchImage;
				GCC_PRECOMPILE_PREFIX_HEADER = YES;
				GCC_PREFIX_HEADER = "Git Test/Git Test-Prefix.pch";
				INFOPLIST_FILE = "Git Test/Git Test-Info.plist";
				PRODUCT_NAME = "$(TARGET_NAME)";
				WRAPPER_EXTENSION = app;
			};
			name = Debug;
		};
		D724EAAE19735BBA00F5B8D0 /* Release */ = {
			isa = XCBuildConfiguration;
			buildSettings = {
				ASSETCATALOG_COMPILER_APPICON_NAME = AppIcon;
				ASSETCATALOG_COMPILER_LAUNCHIMAGE_NAME = LaunchImage;
				GCC_PRECOMPILE_PREFIX_HEADER = YES;
				GCC_PREFIX_HEADER = "Git Test/Git Test-Prefix.pch";
				INFOPLIST_FILE = "Git Test/Git Test-Info.plist";
				PRODUCT_NAME = "$(TARGET_NAME)";
				WRAPPER_EXTENSION = app;
			};
			name = Release;
		};
		D724EAB019735BBA00F5B8D0 /* Debug */ = {
			isa = XCBuildConfiguration;
			buildSettings = {
				BUNDLE_LOADER = "$(BUILT_PRODUCTS_DIR)/Git Test.app/Git Test";
				FRAMEWORK_SEARCH_PATHS = (
					"$(SDKROOT)/Developer/Library/Frameworks",
					"$(inherited)",
					"$(DEVELOPER_FRAMEWORKS_DIR)",
				);
				GCC_PRECOMPILE_PREFIX_HEADER = YES;
				GCC_PREFIX_HEADER = "Git Test/Git Test-Prefix.pch";
				GCC_PREPROCESSOR_DEFINITIONS = (
					"DEBUG=1",
					"$(inherited)",
				);
				INFOPLIST_FILE = "Git TestTests/Git TestTests-Info.plist";
				PRODUCT_NAME = "$(TARGET_NAME)";
				TEST_HOST = "$(BUNDLE_LOADER)";
				WRAPPER_EXTENSION = xctest;
			};
			name = Debug;
		};
		D724EAB119735BBA00F5B8D0 /* Release */ = {
			isa = XCBuildConfiguration;
			buildSettings = {
				BUNDLE_LOADER = "$(BUILT_PRODUCTS_DIR)/Git Test.app/Git Test";
				FRAMEWORK_SEARCH_PATHS = (
					"$(SDKROOT)/Developer/Library/Frameworks",
					"$(inherited)",
					"$(DEVELOPER_FRAMEWORKS_DIR)",
				);
				GCC_PRECOMPILE_PREFIX_HEADER = YES;
				GCC_PREFIX_HEADER = "Git Test/Git Test-Prefix.pch";
				INFOPLIST_FILE = "Git TestTests/Git TestTests-Info.plist";
				PRODUCT_NAME = "$(TARGET_NAME)";
				TEST_HOST = "$(BUNDLE_LOADER)";
				WRAPPER_EXTENSION = xctest;
			};
			name = Release;
		};
/* End XCBuildConfiguration section */

/* Begin XCConfigurationList section */
		D724EA7519735BBA00F5B8D0 /* Build configuration list for PBXProject "Git Test" */ = {
			isa = XCConfigurationList;
			buildConfigurations = (
				D724EAAA19735BBA00F5B8D0 /* Debug */,
				D724EAAB19735BBA00F5B8D0 /* Release */,
			);
			defaultConfigurationIsVisible = 0;
			defaultConfigurationName = Release;
		};
		D724EAAC19735BBA00F5B8D0 /* Build configuration list for PBXNativeTarget "Git Test" */ = {
			isa = XCConfigurationList;
			buildConfigurations = (
				D724EAAD19735BBA00F5B8D0 /* Debug */,
				D724EAAE19735BBA00F5B8D0 /* Release */,
			);
			defaultConfigurationIsVisible = 0;
		};
		D724EAAF19735BBA00F5B8D0 /* Build configuration list for PBXNativeTarget "Git TestTests" */ = {
			isa = XCConfigurationList;
			buildConfigurations = (
				D724EAB019735BBA00F5B8D0 /* Debug */,
				D724EAB119735BBA00F5B8D0 /* Release */,
			);
			defaultConfigurationIsVisible = 0;
		};
/* End XCConfigurationList section */
	};
	rootObject = D724EA7219735BBA00F5B8D0 /* Project object */;
}
